{
  "requires": true,
  "lockfileVersion": 1,
  "dependencies": {
    "nerdamer": {
      "version": "1.0.4",
      "resolved": "https://registry.npmjs.org/nerdamer/-/nerdamer-1.0.4.tgz",
      "integrity": "sha512-Bx1AKWfCBQiaM2FtTEAtI12JmkADYOQe9oGnTfFfDZmOO/0opTsgoeZMK3nD577KNn5PH1VygCHnbObTLbGmeA=="
    }
  }
}
